
Microsoft Visual Studio Solution File, Format Version 12.00
# Visual Studio 15
VisualStudioVersion = 15.0.28010.2048
MinimumVisualStudioVersion = 10.0.40219.1
Project("{FAE04EC0-301F-11D3-BF4B-00C04F79EFBC}") = "IronPythonConsoleForm", "IronPythonConsoleForm\IronPythonConsoleForm.csproj", "{5B4DE2A6-8357-4F45-BF54-7C3CDFFB7E22}"
EndProject
Project("{FAE04EC0-301F-11D3-BF4B-00C04F79EFBC}") = "IronPythonConsoleWPF", "IronPythonConsoleWPF\IronPythonConsoleWPF.csproj", "{FB6E4876-D78C-472E-B1EE-1E0F83ACF220}"
EndProject
Project("{FAE04EC0-301F-11D3-BF4B-00C04F79EFBC}") = "IronPythonConsoleWinForm", "IronPythonConsoleWinForm\IronPythonConsoleWinForm.csproj", "{23C336FA-9616-4237-84BA-1D73BBB9A243}"
EndProject
Project("{FAE04EC0-301F-11D3-BF4B-00C04F79EFBC}") = "IronPythonConsole", "IronPythonConsole\IronPythonConsole.csproj", "{8A19EAA5-44C5-41EC-A908-7F41792CF18B}"
EndProject
Global
	GlobalSection(SolutionConfigurationPlatforms) = preSolution
		Debug|Any CPU = Debug|Any CPU
		Debug|x86 = Debug|x86
		Release|Any CPU = Release|Any CPU
		Release|x86 = Release|x86
	EndGlobalSection
	GlobalSection(ProjectConfigurationPlatforms) = postSolution
		{5B4DE2A6-8357-4F45-BF54-7C3CDFFB7E22}.Debug|Any CPU.ActiveCfg = Debug|Any CPU
		{5B4DE2A6-8357-4F45-BF54-7C3CDFFB7E22}.Debug|Any CPU.Build.0 = Debug|Any CPU
		{5B4DE2A6-8357-4F45-BF54-7C3CDFFB7E22}.Debug|x86.ActiveCfg = Debug|Any CPU
		{5B4DE2A6-8357-4F45-BF54-7C3CDFFB7E22}.Debug|x86.Build.0 = Debug|Any CPU
		{5B4DE2A6-8357-4F45-BF54-7C3CDFFB7E22}.Release|Any CPU.ActiveCfg = Release|Any CPU
		{5B4DE2A6-8357-4F45-BF54-7C3CDFFB7E22}.Release|Any CPU.Build.0 = Release|Any CPU
		{5B4DE2A6-8357-4F45-BF54-7C3CDFFB7E22}.Release|x86.ActiveCfg = Release|Any CPU
		{5B4DE2A6-8357-4F45-BF54-7C3CDFFB7E22}.Release|x86.Build.0 = Release|Any CPU
		{FB6E4876-D78C-472E-B1EE-1E0F83ACF220}.Debug|Any CPU.ActiveCfg = Debug|Any CPU
		{FB6E4876-D78C-472E-B1EE-1E0F83ACF220}.Debug|Any CPU.Build.0 = Debug|Any CPU
		{FB6E4876-D78C-472E-B1EE-1E0F83ACF220}.Debug|x86.ActiveCfg = Debug|Any CPU
		{FB6E4876-D78C-472E-B1EE-1E0F83ACF220}.Debug|x86.Build.0 = Debug|Any CPU
		{FB6E4876-D78C-472E-B1EE-1E0F83ACF220}.Release|Any CPU.ActiveCfg = Release|Any CPU
		{FB6E4876-D78C-472E-B1EE-1E0F83ACF220}.Release|Any CPU.Build.0 = Release|Any CPU
		{FB6E4876-D78C-472E-B1EE-1E0F83ACF220}.Release|x86.ActiveCfg = Release|Any CPU
		{FB6E4876-D78C-472E-B1EE-1E0F83ACF220}.Release|x86.Build.0 = Release|Any CPU
		{23C336FA-9616-4237-84BA-1D73BBB9A243}.Debug|Any CPU.ActiveCfg = Debug|Any CPU
		{23C336FA-9616-4237-84BA-1D73BBB9A243}.Debug|Any CPU.Build.0 = Debug|Any CPU
		{23C336FA-9616-4237-84BA-1D73BBB9A243}.Debug|x86.ActiveCfg = Debug|Any CPU
		{23C336FA-9616-4237-84BA-1D73BBB9A243}.Debug|x86.Build.0 = Debug|Any CPU
		{23C336FA-9616-4237-84BA-1D73BBB9A243}.Release|Any CPU.ActiveCfg = Release|Any CPU
		{23C336FA-9616-4237-84BA-1D73BBB9A243}.Release|Any CPU.Build.0 = Release|Any CPU
		{23C336FA-9616-4237-84BA-1D73BBB9A243}.Release|x86.ActiveCfg = Release|Any CPU
		{23C336FA-9616-4237-84BA-1D73BBB9A243}.Release|x86.Build.0 = Release|Any CPU
		{8A19EAA5-44C5-41EC-A908-7F41792CF18B}.Debug|Any CPU.ActiveCfg = Debug|x86
		{8A19EAA5-44C5-41EC-A908-7F41792CF18B}.Debug|x86.ActiveCfg = Debug|x86
		{8A19EAA5-44C5-41EC-A908-7F41792CF18B}.Debug|x86.Build.0 = Debug|x86
		{8A19EAA5-44C5-41EC-A908-7F41792CF18B}.Release|Any CPU.ActiveCfg = Release|x86
		{8A19EAA5-44C5-41EC-A908-7F41792CF18B}.Release|x86.ActiveCfg = Release|x86
		{8A19EAA5-44C5-41EC-A908-7F41792CF18B}.Release|x86.Build.0 = Release|x86
	EndGlobalSection
	GlobalSection(SolutionProperties) = preSolution
		HideSolutionNode = FALSE
	EndGlobalSection
	GlobalSection(ExtensibilityGlobals) = postSolution
		SolutionGuid = {87D683D1-5D14-44C9-9B4C-4DA369FE64EE}
	EndGlobalSection
EndGlobal
